
Microsoft Visual Studio Solution File, Format Version 12.00
# Visual Studio Version 16
VisualStudioVersion = 16.0.28803.202
MinimumVisualStudioVersion = 10.0.40219.1
Project("{FAE04EC0-301F-11D3-BF4B-00C04F79EFBC}") = "Hikaze'sLauncherLib", "Hikaze'sLauncherLib\Hikaze'sLauncherLib.csproj", "{DD1E4AA7-8CF0-4631-B414-2879CA80FC0D}"
EndProject
Project("{FAE04EC0-301F-11D3-BF4B-00C04F79EFBC}") = "Test", "Test\Test.csproj", "{CBF2FC30-2527-4597-BE48-BE00405CF964}"
EndProject
Project("{FAE04EC0-301F-11D3-BF4B-00C04F79EFBC}") = "Hikaze's Launcher", "Hikaze's Launcher\Hikaze's Launcher.csproj", "{3823AA8A-7686-43EF-8CD0-6B4078267C91}"
EndProject
Global
	GlobalSection(SolutionConfigurationPlatforms) = preSolution
		Debug|Any CPU = Debug|Any CPU
		Release|Any CPU = Release|Any CPU
	EndGlobalSection
	GlobalSection(ProjectConfigurationPlatforms) = postSolution
		{DD1E4AA7-8CF0-4631-B414-2879CA80FC0D}.Debug|Any CPU.ActiveCfg = Debug|Any CPU
		{DD1E4AA7-8CF0-4631-B414-2879CA80FC0D}.Debug|Any CPU.Build.0 = Debug|Any CPU
		{DD1E4AA7-8CF0-4631-B414-2879CA80FC0D}.Release|Any CPU.ActiveCfg = Release|Any CPU
		{DD1E4AA7-8CF0-4631-B414-2879CA80FC0D}.Release|Any CPU.Build.0 = Release|Any CPU
		{CBF2FC30-2527-4597-BE48-BE00405CF964}.Debug|Any CPU.ActiveCfg = Debug|Any CPU
		{CBF2FC30-2527-4597-BE48-BE00405CF964}.Debug|Any CPU.Build.0 = Debug|Any CPU
		{CBF2FC30-2527-4597-BE48-BE00405CF964}.Release|Any CPU.ActiveCfg = Release|Any CPU
		{CBF2FC30-2527-4597-BE48-BE00405CF964}.Release|Any CPU.Build.0 = Release|Any CPU
		{3823AA8A-7686-43EF-8CD0-6B4078267C91}.Debug|Any CPU.ActiveCfg = Debug|Any CPU
		{3823AA8A-7686-43EF-8CD0-6B4078267C91}.Debug|Any CPU.Build.0 = Debug|Any CPU
		{3823AA8A-7686-43EF-8CD0-6B4078267C91}.Release|Any CPU.ActiveCfg = Release|Any CPU
		{3823AA8A-7686-43EF-8CD0-6B4078267C91}.Release|Any CPU.Build.0 = Release|Any CPU
	EndGlobalSection
	GlobalSection(SolutionProperties) = preSolution
		HideSolutionNode = FALSE
	EndGlobalSection
	GlobalSection(ExtensibilityGlobals) = postSolution
		SolutionGuid = {FDB85A85-FAEB-4E47-AFA8-DCDB296490A6}
	EndGlobalSection
EndGlobal
